// !$*UTF8*$!
{
	archiveVersion = 1;
	classes = {
	};
	objectVersion = 56;
	objects = {

/* Begin PBXBuildFile section */
		47BEDA8028A5F92000168D21 /* UI_640App.swift in Sources */ = {isa = PBXBuildFile; fileRef = 47BEDA7F28A5F92000168D21 /* UI_640App.swift */; };
		47BEDA8228A5F92000168D21 /* ContentView.swift in Sources */ = {isa = PBXBuildFile; fileRef = 47BEDA8128A5F92000168D21 /* ContentView.swift */; };
		47BEDA8428A5F92100168D21 /* Assets.xcassets in Resources */ = {isa = PBXBuildFile; fileRef = 47BEDA8328A5F92100168D21 /* Assets.xcassets */; };
		47BEDA8728A5F92100168D21 /* Preview Assets.xcassets in Resources */ = {isa = PBXBuildFile; fileRef = 47BEDA8628A5F92100168D21 /* Preview Assets.xcassets */; };
		47BEDA9128A5F92100168D21 /* UI_640Tests.swift in Sources */ = {isa = PBXBuildFile; fileRef = 47BEDA9028A5F92100168D21 /* UI_640Tests.swift */; };
		47BEDA9B28A5F92100168D21 /* UI_640UITests.swift in Sources */ = {isa = PBXBuildFile; fileRef = 47BEDA9A28A5F92100168D21 /* UI_640UITests.swift */; };
		47BEDA9D28A5F92100168D21 /* UI_640UITestsLaunchTests.swift in Sources */ = {isa = PBXBuildFile; fileRef = 47BEDA9C28A5F92100168D21 /* UI_640UITestsLaunchTests.swift */; };
		47BEDAAB28A5F93100168D21 /* RefreshView.swift in Sources */ = {isa = PBXBuildFile; fileRef = 47BEDAAA28A5F93100168D21 /* RefreshView.swift */; };
		47BEDAAE28A5F96200168D21 /* ToolBarView.swift in Sources */ = {isa = PBXBuildFile; fileRef = 47BEDAAD28A5F96200168D21 /* ToolBarView.swift */; };
		47BEDAB028A5FA0800168D21 /* TextView.swift in Sources */ = {isa = PBXBuildFile; fileRef = 47BEDAAF28A5FA0800168D21 /* TextView.swift */; };
		47BEDAB228A5FA7900168D21 /* LayoutView.swift in Sources */ = {isa = PBXBuildFile; fileRef = 47BEDAB128A5FA7900168D21 /* LayoutView.swift */; };
		47BEDAB428A5FBAE00168D21 /* TransitonChange.swift in Sources */ = {isa = PBXBuildFile; fileRef = 47BEDAB328A5FBAE00168D21 /* TransitonChange.swift */; };
/* End PBXBuildFile section */

/* Begin PBXContainerItemProxy section */
		47BEDA8D28A5F92100168D21 /* PBXContainerItemProxy */ = {
			isa = PBXContainerItemProxy;
			containerPortal = 47BEDA7428A5F92000168D21 /* Project object */;
			proxyType = 1;
			remoteGlobalIDString = 47BEDA7B28A5F92000168D21;
			remoteInfo = "UI-640";
		};
		47BEDA9728A5F92100168D21 /* PBXContainerItemProxy */ = {
			isa = PBXContainerItemProxy;
			containerPortal = 47BEDA7428A5F92000168D21 /* Project object */;
			proxyType = 1;
			remoteGlobalIDString = 47BEDA7B28A5F92000168D21;
			remoteInfo = "UI-640";
		};
/* End PBXContainerItemProxy section */

/* Begin PBXFileReference section */
		47BEDA7C28A5F92000168D21 /* UI-640.app */ = {isa = PBXFileReference; explicitFileType = wrapper.application; includeInIndex = 0; path = "UI-640.app"; sourceTree = BUILT_PRODUCTS_DIR; };
		47BEDA7F28A5F92000168D21 /* UI_640App.swift */ = {isa = PBXFileReference; lastKnownFileType = sourcecode.swift; path = UI_640App.swift; sourceTree = "<group>"; };
		47BEDA8128A5F92000168D21 /* ContentView.swift */ = {isa = PBXFileReference; lastKnownFileType = sourcecode.swift; path = ContentView.swift; sourceTree = "<group>"; };
		47BEDA8328A5F92100168D21 /* Assets.xcassets */ = {isa = PBXFileReference; lastKnownFileType = folder.assetcatalog; path = Assets.xcassets; sourceTree = "<group>"; };
		47BEDA8628A5F92100168D21 /* Preview Assets.xcassets */ = {isa = PBXFileReference; lastKnownFileType = folder.assetcatalog; path = "Preview Assets.xcassets"; sourceTree = "<group>"; };
		47BEDA8C28A5F92100168D21 /* UI-640Tests.xctest */ = {isa = PBXFileReference; explicitFileType = wrapper.cfbundle; includeInIndex = 0; path = "UI-640Tests.xctest"; sourceTree = BUILT_PRODUCTS_DIR; };
		47BEDA9028A5F92100168D21 /* UI_640Tests.swift */ = {isa = PBXFileReference; lastKnownFileType = sourcecode.swift; path = UI_640Tests.swift; sourceTree = "<group>"; };
		47BEDA9628A5F92100168D21 /* UI-640UITests.xctest */ = {isa = PBXFileReference; explicitFileType = wrapper.cfbundle; includeInIndex = 0; path = "UI-640UITests.xctest"; sourceTree = BUILT_PRODUCTS_DIR; };
		47BEDA9A28A5F92100168D21 /* UI_640UITests.swift */ = {isa = PBXFileReference; lastKnownFileType = sourcecode.swift; path = UI_640UITests.swift; sourceTree = "<group>"; };
		47BEDA9C28A5F92100168D21 /* UI_640UITestsLaunchTests.swift */ = {isa = PBXFileReference; lastKnownFileType = sourcecode.swift; path = UI_640UITestsLaunchTests.swift; sourceTree = "<group>"; };
		47BEDAAA28A5F93100168D21 /* RefreshView.swift */ = {isa = PBXFileReference; lastKnownFileType = sourcecode.swift; path = RefreshView.swift; sourceTree = "<group>"; };
		47BEDAAD28A5F96200168D21 /* ToolBarView.swift */ = {isa = PBXFileReference; lastKnownFileType = sourcecode.swift; path = ToolBarView.swift; sourceTree = "<group>"; };
		47BEDAAF28A5FA0800168D21 /* TextView.swift */ = {isa = PBXFileReference; lastKnownFileType = sourcecode.swift; path = TextView.swift; sourceTree = "<group>"; };
		47BEDAB128A5FA7900168D21 /* LayoutView.swift */ = {isa = PBXFileReference; lastKnownFileType = sourcecode.swift; path = LayoutView.swift; sourceTree = "<group>"; };
		47BEDAB328A5FBAE00168D21 /* TransitonChange.swift */ = {isa = PBXFileReference; lastKnownFileType = sourcecode.swift; path = TransitonChange.swift; sourceTree = "<group>"; };
/* End PBXFileReference section */

/* Begin PBXFrameworksBuildPhase section */
		47BEDA7928A5F92000168D21 /* Frameworks */ = {
			isa = PBXFrameworksBuildPhase;
			buildActionMask = 2147483647;
			files = (
			);
			runOnlyForDeploymentPostprocessing = 0;
		};
		47BEDA8928A5F92100168D21 /* Frameworks */ = {
			isa = PBXFrameworksBuildPhase;
			buildActionMask = 2147483647;
			files = (
			);
			runOnlyForDeploymentPostprocessing = 0;
		};
		47BEDA9328A5F92100168D21 /* Frameworks */ = {
			isa = PBXFrameworksBuildPhase;
			buildActionMask = 2147483647;
			files = (
			);
			runOnlyForDeploymentPostprocessing = 0;
		};
/* End PBXFrameworksBuildPhase section */

/* Begin PBXGroup section */
		47BEDA7328A5F92000168D21 = {
			isa = PBXGroup;
			children = (
				47BEDA7E28A5F92000168D21 /* UI-640 */,
				47BEDA8F28A5F92100168D21 /* UI-640Tests */,
				47BEDA9928A5F92100168D21 /* UI-640UITests */,
				47BEDA7D28A5F92000168D21 /* Products */,
			);
			sourceTree = "<group>";
		};
		47BEDA7D28A5F92000168D21 /* Products */ = {
			isa = PBXGroup;
			children = (
				47BEDA7C28A5F92000168D21 /* UI-640.app */,
				47BEDA8C28A5F92100168D21 /* UI-640Tests.xctest */,
				47BEDA9628A5F92100168D21 /* UI-640UITests.xctest */,
			);
			name = Products;
			sourceTree = "<group>";
		};
		47BEDA7E28A5F92000168D21 /* UI-640 */ = {
			isa = PBXGroup;
			children = (
				47BEDAA928A5F92800168D21 /* View */,
				47BEDA7F28A5F92000168D21 /* UI_640App.swift */,
				47BEDA8128A5F92000168D21 /* ContentView.swift */,
				47BEDA8328A5F92100168D21 /* Assets.xcassets */,
				47BEDA8528A5F92100168D21 /* Preview Content */,
			);
			path = "UI-640";
			sourceTree = "<group>";
		};
		47BEDA8528A5F92100168D21 /* Preview Content */ = {
			isa = PBXGroup;
			children = (
				47BEDA8628A5F92100168D21 /* Preview Assets.xcassets */,
			);
			path = "Preview Content";
			sourceTree = "<group>";
		};
		47BEDA8F28A5F92100168D21 /* UI-640Tests */ = {
			isa = PBXGroup;
			children = (
				47BEDA9028A5F92100168D21 /* UI_640Tests.swift */,
			);
			path = "UI-640Tests";
			sourceTree = "<group>";
		};
		47BEDA9928A5F92100168D21 /* UI-640UITests */ = {
			isa = PBXGroup;
			children = (
				47BEDA9A28A5F92100168D21 /* UI_640UITests.swift */,
				47BEDA9C28A5F92100168D21 /* UI_640UITestsLaunchTests.swift */,
			);
			path = "UI-640UITests";
			sourceTree = "<group>";
		};
		47BEDAA928A5F92800168D21 /* View */ = {
			isa = PBXGroup;
			children = (
				47BEDAAA28A5F93100168D21 /* RefreshView.swift */,
				47BEDAAD28A5F96200168D21 /* ToolBarView.swift */,
				47BEDAAF28A5FA0800168D21 /* TextView.swift */,
				47BEDAB128A5FA7900168D21 /* LayoutView.swift */,
				47BEDAB328A5FBAE00168D21 /* TransitonChange.swift */,
			);
			path = View;
			sourceTree = "<group>";
		};
/* End PBXGroup section */

/* Begin PBXNativeTarget section */
		47BEDA7B28A5F92000168D21 /* UI-640 */ = {
			isa = PBXNativeTarget;
			buildConfigurationList = 47BEDAA028A5F92100168D21 /* Build configuration list for PBXNativeTarget "UI-640" */;
			buildPhases = (
				47BEDA7828A5F92000168D21 /* Sources */,
				47BEDA7928A5F92000168D21 /* Frameworks */,
				47BEDA7A28A5F92000168D21 /* Resources */,
			);
			buildRules = (
			);
			dependencies = (
			);
			name = "UI-640";
			productName = "UI-640";
			productReference = 47BEDA7C28A5F92000168D21 /* UI-640.app */;
			productType = "com.apple.product-type.application";
		};
		47BEDA8B28A5F92100168D21 /* UI-640Tests */ = {
			isa = PBXNativeTarget;
			buildConfigurationList = 47BEDAA328A5F92100168D21 /* Build configuration list for PBXNativeTarget "UI-640Tests" */;
			buildPhases = (
				47BEDA8828A5F92100168D21 /* Sources */,
				47BEDA8928A5F92100168D21 /* Frameworks */,
				47BEDA8A28A5F92100168D21 /* Resources */,
			);
			buildRules = (
			);
			dependencies = (
				47BEDA8E28A5F92100168D21 /* PBXTargetDependency */,
			);
			name = "UI-640Tests";
			productName = "UI-640Tests";
			productReference = 47BEDA8C28A5F92100168D21 /* UI-640Tests.xctest */;
			productType = "com.apple.product-type.bundle.unit-test";
		};
		47BEDA9528A5F92100168D21 /* UI-640UITests */ = {
			isa = PBXNativeTarget;
			buildConfigurationList = 47BEDAA628A5F92100168D21 /* Build configuration list for PBXNativeTarget "UI-640UITests" */;
			buildPhases = (
				47BEDA9228A5F92100168D21 /* Sources */,
				47BEDA9328A5F92100168D21 /* Frameworks */,
				47BEDA9428A5F92100168D21 /* Resources */,
			);
			buildRules = (
			);
			dependencies = (
				47BEDA9828A5F92100168D21 /* PBXTargetDependency */,
			);
			name = "UI-640UITests";
			productName = "UI-640UITests";
			productReference = 47BEDA9628A5F92100168D21 /* UI-640UITests.xctest */;
			productType = "com.apple.product-type.bundle.ui-testing";
		};
/* End PBXNativeTarget section */

/* Begin PBXProject section */
		47BEDA7428A5F92000168D21 /* Project object */ = {
			isa = PBXProject;
			attributes = {
				BuildIndependentTargetsInParallel = 1;
				LastSwiftUpdateCheck = 1400;
				LastUpgradeCheck = 1400;
				TargetAttributes = {
					47BEDA7B28A5F92000168D21 = {
						CreatedOnToolsVersion = 14.0;
					};
					47BEDA8B28A5F92100168D21 = {
						CreatedOnToolsVersion = 14.0;
						TestTargetID = 47BEDA7B28A5F92000168D21;
					};
					47BEDA9528A5F92100168D21 = {
						CreatedOnToolsVersion = 14.0;
						TestTargetID = 47BEDA7B28A5F92000168D21;
					};
				};
			};
			buildConfigurationList = 47BEDA7728A5F92000168D21 /* Build configuration list for PBXProject "UI-640" */;
			compatibilityVersion = "Xcode 14.0";
			developmentRegion = en;
			hasScannedForEncodings = 0;
			knownRegions = (
				en,
				Base,
			);
			mainGroup = 47BEDA7328A5F92000168D21;
			productRefGroup = 47BEDA7D28A5F92000168D21 /* Products */;
			projectDirPath = "";
			projectRoot = "";
			targets = (
				47BEDA7B28A5F92000168D21 /* UI-640 */,
				47BEDA8B28A5F92100168D21 /* UI-640Tests */,
				47BEDA9528A5F92100168D21 /* UI-640UITests */,
			);
		};
/* End PBXProject section */

/* Begin PBXResourcesBuildPhase section */
		47BEDA7A28A5F92000168D21 /* Resources */ = {
			isa = PBXResourcesBuildPhase;
			buildActionMask = 2147483647;
			files = (
				47BEDA8728A5F92100168D21 /* Preview Assets.xcassets in Resources */,
				47BEDA8428A5F92100168D21 /* Assets.xcassets in Resources */,
			);
			runOnlyForDeploymentPostprocessing = 0;
		};
		47BEDA8A28A5F92100168D21 /* Resources */ = {
			isa = PBXResourcesBuildPhase;
			buildActionMask = 2147483647;
			files = (
			);
			runOnlyForDeploymentPostprocessing = 0;
		};
		47BEDA9428A5F92100168D21 /* Resources */ = {
			isa = PBXResourcesBuildPhase;
			buildActionMask = 2147483647;
			files = (
			);
			runOnlyForDeploymentPostprocessing = 0;
		};
/* End PBXResourcesBuildPhase section */

/* Begin PBXSourcesBuildPhase section */
		47BEDA7828A5F92000168D21 /* Sources */ = {
			isa = PBXSourcesBuildPhase;
			buildActionMask = 2147483647;
			files = (
				47BEDAAB28A5F93100168D21 /* RefreshView.swift in Sources */,
				47BEDA8228A5F92000168D21 /* ContentView.swift in Sources */,
				47BEDAB228A5FA7900168D21 /* LayoutView.swift in Sources */,
				47BEDAAE28A5F96200168D21 /* ToolBarView.swift in Sources */,
				47BEDA8028A5F92000168D21 /* UI_640App.swift in Sources */,
				47BEDAB028A5FA0800168D21 /* TextView.swift in Sources */,
				47BEDAB428A5FBAE00168D21 /* TransitonChange.swift in Sources */,
			);
			runOnlyForDeploymentPostprocessing = 0;
		};
		47BEDA8828A5F92100168D21 /* Sources */ = {
			isa = PBXSourcesBuildPhase;
			buildActionMask = 2147483647;
			files = (
				47BEDA9128A5F92100168D21 /* UI_640Tests.swift in Sources */,
			);
			runOnlyForDeploymentPostprocessing = 0;
		};
		47BEDA9228A5F92100168D21 /* Sources */ = {
			isa = PBXSourcesBuildPhase;
			buildActionMask = 2147483647;
			files = (
				47BEDA9B28A5F92100168D21 /* UI_640UITests.swift in Sources */,
				47BEDA9D28A5F92100168D21 /* UI_640UITestsLaunchTests.swift in Sources */,
			);
			runOnlyForDeploymentPostprocessing = 0;
		};
/* End PBXSourcesBuildPhase section */

/* Begin PBXTargetDependency section */
		47BEDA8E28A5F92100168D21 /* PBXTargetDependency */ = {
			isa = PBXTargetDependency;
			target = 47BEDA7B28A5F92000168D21 /* UI-640 */;
			targetProxy = 47BEDA8D28A5F92100168D21 /* PBXContainerItemProxy */;
		};
		47BEDA9828A5F92100168D21 /* PBXTargetDependency */ = {
			isa = PBXTargetDependency;
			target = 47BEDA7B28A5F92000168D21 /* UI-640 */;
			targetProxy = 47BEDA9728A5F92100168D21 /* PBXContainerItemProxy */;
		};
/* End PBXTargetDependency section */

/* Begin XCBuildConfiguration section */
		47BEDA9E28A5F92100168D21 /* Debug */ = {
			isa = XCBuildConfiguration;
			buildSettings = {
				ALWAYS_SEARCH_USER_PATHS = NO;
				CLANG_ANALYZER_NONNULL = YES;
				CLANG_ANALYZER_NUMBER_OBJECT_CONVERSION = YES_AGGRESSIVE;
				CLANG_CXX_LANGUAGE_STANDARD = "gnu++20";
				CLANG_ENABLE_MODULES = YES;
				CLANG_ENABLE_OBJC_ARC = YES;
				CLANG_ENABLE_OBJC_WEAK = YES;
				CLANG_WARN_BLOCK_CAPTURE_AUTORELEASING = YES;
				CLANG_WARN_BOOL_CONVERSION = YES;
				CLANG_WARN_COMMA = YES;
				CLANG_WARN_CONSTANT_CONVERSION = YES;
				CLANG_WARN_DEPRECATED_OBJC_IMPLEMENTATIONS = YES;
				CLANG_WARN_DIRECT_OBJC_ISA_USAGE = YES_ERROR;
				CLANG_WARN_DOCUMENTATION_COMMENTS = YES;
				CLANG_WARN_EMPTY_BODY = YES;
				CLANG_WARN_ENUM_CONVERSION = YES;
				CLANG_WARN_INFINITE_RECURSION = YES;
				CLANG_WARN_INT_CONVERSION = YES;
				CLANG_WARN_NON_LITERAL_NULL_CONVERSION = YES;
				CLANG_WARN_OBJC_IMPLICIT_RETAIN_SELF = YES;
				CLANG_WARN_OBJC_LITERAL_CONVERSION = YES;
				CLANG_WARN_OBJC_ROOT_CLASS = YES_ERROR;
				CLANG_WARN_QUOTED_INCLUDE_IN_FRAMEWORK_HEADER = YES;
				CLANG_WARN_RANGE_LOOP_ANALYSIS = YES;
				CLANG_WARN_STRICT_PROTOTYPES = YES;
				CLANG_WARN_SUSPICIOUS_MOVE = YES;
				CLANG_WARN_UNGUARDED_AVAILABILITY = YES_AGGRESSIVE;
				CLANG_WARN_UNREACHABLE_CODE = YES;
				CLANG_WARN__DUPLICATE_METHOD_MATCH = YES;
				COPY_PHASE_STRIP = NO;
				DEBUG_INFORMATION_FORMAT = dwarf;
				ENABLE_STRICT_OBJC_MSGSEND = YES;
				ENABLE_TESTABILITY = YES;
				GCC_C_LANGUAGE_STANDARD = gnu11;
				GCC_DYNAMIC_NO_PIC = NO;
				GCC_NO_COMMON_BLOCKS = YES;
				GCC_OPTIMIZATION_LEVEL = 0;
				GCC_PREPROCESSOR_DEFINITIONS = (
					"DEBUG=1",
					"$(inherited)",
				);
				GCC_WARN_64_TO_32_BIT_CONVERSION = YES;
				GCC_WARN_ABOUT_RETURN_TYPE = YES_ERROR;
				GCC_WARN_UNDECLARED_SELECTOR = YES;
				GCC_WARN_UNINITIALIZED_AUTOS = YES_AGGRESSIVE;
				GCC_WARN_UNUSED_FUNCTION = YES;
				GCC_WARN_UNUSED_VARIABLE = YES;
				IPHONEOS_DEPLOYMENT_TARGET = 16.0;
				MTL_ENABLE_DEBUG_INFO = INCLUDE_SOURCE;
				MTL_FAST_MATH = YES;
				ONLY_ACTIVE_ARCH = YES;
				SDKROOT = iphoneos;
				SWIFT_ACTIVE_COMPILATION_CONDITIONS = DEBUG;
				SWIFT_OPTIMIZATION_LEVEL = "-Onone";
			};
			name = Debug;
		};
		47BEDA9F28A5F92100168D21 /* Release */ = {
			isa = XCBuildConfiguration;
			buildSettings = {
				ALWAYS_SEARCH_USER_PATHS = NO;
				CLANG_ANALYZER_NONNULL = YES;
				CLANG_ANALYZER_NUMBER_OBJECT_CONVERSION = YES_AGGRESSIVE;
				CLANG_CXX_LANGUAGE_STANDARD = "gnu++20";
				CLANG_ENABLE_MODULES = YES;
				CLANG_ENABLE_OBJC_ARC = YES;
				CLANG_ENABLE_OBJC_WEAK = YES;
				CLANG_WARN_BLOCK_CAPTURE_AUTORELEASING = YES;
				CLANG_WARN_BOOL_CONVERSION = YES;
				CLANG_WARN_COMMA = YES;
				CLANG_WARN_CONSTANT_CONVERSION = YES;
				CLANG_WARN_DEPRECATED_OBJC_IMPLEMENTATIONS = YES;
				CLANG_WARN_DIRECT_OBJC_ISA_USAGE = YES_ERROR;
				CLANG_WARN_DOCUMENTATION_COMMENTS = YES;
				CLANG_WARN_EMPTY_BODY = YES;
				CLANG_WARN_ENUM_CONVERSION = YES;
				CLANG_WARN_INFINITE_RECURSION = YES;
				CLANG_WARN_INT_CONVERSION = YES;
				CLANG_WARN_NON_LITERAL_NULL_CONVERSION = YES;
				CLANG_WARN_OBJC_IMPLICIT_RETAIN_SELF = YES;
				CLANG_WARN_OBJC_LITERAL_CONVERSION = YES;
				CLANG_WARN_OBJC_ROOT_CLASS = YES_ERROR;
				CLANG_WARN_QUOTED_INCLUDE_IN_FRAMEWORK_HEADER = YES;
				CLANG_WARN_RANGE_LOOP_ANALYSIS = YES;
				CLANG_WARN_STRICT_PROTOTYPES = YES;
				CLANG_WARN_SUSPICIOUS_MOVE = YES;
				CLANG_WARN_UNGUARDED_AVAILABILITY = YES_AGGRESSIVE;
				CLANG_WARN_UNREACHABLE_CODE = YES;
				CLANG_WARN__DUPLICATE_METHOD_MATCH = YES;
				COPY_PHASE_STRIP = NO;
				DEBUG_INFORMATION_FORMAT = "dwarf-with-dsym";
				ENABLE_NS_ASSERTIONS = NO;
				ENABLE_STRICT_OBJC_MSGSEND = YES;
				GCC_C_LANGUAGE_STANDARD = gnu11;
				GCC_NO_COMMON_BLOCKS = YES;
				GCC_WARN_64_TO_32_BIT_CONVERSION = YES;
				GCC_WARN_ABOUT_RETURN_TYPE = YES_ERROR;
				GCC_WARN_UNDECLARED_SELECTOR = YES;
				GCC_WARN_UNINITIALIZED_AUTOS = YES_AGGRESSIVE;
				GCC_WARN_UNUSED_FUNCTION = YES;
				GCC_WARN_UNUSED_VARIABLE = YES;
				IPHONEOS_DEPLOYMENT_TARGET = 16.0;
				MTL_ENABLE_DEBUG_INFO = NO;
				MTL_FAST_MATH = YES;
				SDKROOT = iphoneos;
				SWIFT_COMPILATION_MODE = wholemodule;
				SWIFT_OPTIMIZATION_LEVEL = "-O";
				VALIDATE_PRODUCT = YES;
			};
			name = Release;
		};
		47BEDAA128A5F92100168D21 /* Debug */ = {
			isa = XCBuildConfiguration;
			buildSettings = {
				ASSETCATALOG_COMPILER_APPICON_NAME = AppIcon;
				ASSETCATALOG_COMPILER_GLOBAL_ACCENT_COLOR_NAME = AccentColor;
				CODE_SIGN_STYLE = Automatic;
				CURRENT_PROJECT_VERSION = 1;
				DEVELOPMENT_ASSET_PATHS = "\"UI-640/Preview Content\"";
				DEVELOPMENT_TEAM = 8CL4U468K5;
				ENABLE_PREVIEWS = YES;
				GENERATE_INFOPLIST_FILE = YES;
				INFOPLIST_KEY_UIApplicationSceneManifest_Generation = YES;
				INFOPLIST_KEY_UIApplicationSupportsIndirectInputEvents = YES;
				INFOPLIST_KEY_UILaunchScreen_Generation = YES;
				INFOPLIST_KEY_UISupportedInterfaceOrientations_iPad = "UIInterfaceOrientationPortrait UIInterfaceOrientationPortraitUpsideDown UIInterfaceOrientationLandscapeLeft UIInterfaceOrientationLandscapeRight";
				INFOPLIST_KEY_UISupportedInterfaceOrientations_iPhone = "UIInterfaceOrientationPortrait UIInterfaceOrientationLandscapeLeft UIInterfaceOrientationLandscapeRight";
				LD_RUNPATH_SEARCH_PATHS = (
					"$(inherited)",
					"@executable_path/Frameworks",
				);
				MARKETING_VERSION = 1.0;
				PRODUCT_BUNDLE_IDENTIFIER = "com.585.UI-640";
				PRODUCT_NAME = "$(TARGET_NAME)";
				SWIFT_EMIT_LOC_STRINGS = YES;
				SWIFT_VERSION = 5.0;
				TARGETED_DEVICE_FAMILY = "1,2";
			};
			name = Debug;
		};
		47BEDAA228A5F92100168D21 /* Release */ = {
			isa = XCBuildConfiguration;
			buildSettings = {
				ASSETCATALOG_COMPILER_APPICON_NAME = AppIcon;
				ASSETCATALOG_COMPILER_GLOBAL_ACCENT_COLOR_NAME = AccentColor;
				CODE_SIGN_STYLE = Automatic;
				CURRENT_PROJECT_VERSION = 1;
				DEVELOPMENT_ASSET_PATHS = "\"UI-640/Preview Content\"";
				DEVELOPMENT_TEAM = 8CL4U468K5;
				ENABLE_PREVIEWS = YES;
				GENERATE_INFOPLIST_FILE = YES;
				INFOPLIST_KEY_UIApplicationSceneManifest_Generation = YES;
				INFOPLIST_KEY_UIApplicationSupportsIndirectInputEvents = YES;
				INFOPLIST_KEY_UILaunchScreen_Generation = YES;
				INFOPLIST_KEY_UISupportedInterfaceOrientations_iPad = "UIInterfaceOrientationPortrait UIInterfaceOrientationPortraitUpsideDown UIInterfaceOrientationLandscapeLeft UIInterfaceOrientationLandscapeRight";
				INFOPLIST_KEY_UISupportedInterfaceOrientations_iPhone = "UIInterfaceOrientationPortrait UIInterfaceOrientationLandscapeLeft UIInterfaceOrientationLandscapeRight";
				LD_RUNPATH_SEARCH_PATHS = (
					"$(inherited)",
					"@executable_path/Frameworks",
				);
				MARKETING_VERSION = 1.0;
				PRODUCT_BUNDLE_IDENTIFIER = "com.585.UI-640";
				PRODUCT_NAME = "$(TARGET_NAME)";
				SWIFT_EMIT_LOC_STRINGS = YES;
				SWIFT_VERSION = 5.0;
				TARGETED_DEVICE_FAMILY = "1,2";
			};
			name = Release;
		};
		47BEDAA428A5F92100168D21 /* Debug */ = {
			isa = XCBuildConfiguration;
			buildSettings = {
				ALWAYS_EMBED_SWIFT_STANDARD_LIBRARIES = YES;
				BUNDLE_LOADER = "$(TEST_HOST)";
				CODE_SIGN_STYLE = Automatic;
				CURRENT_PROJECT_VERSION = 1;
				DEVELOPMENT_TEAM = 8CL4U468K5;
				GENERATE_INFOPLIST_FILE = YES;
				IPHONEOS_DEPLOYMENT_TARGET = 16.0;
				MARKETING_VERSION = 1.0;
				PRODUCT_BUNDLE_IDENTIFIER = "com.585.UI-640Tests";
				PRODUCT_NAME = "$(TARGET_NAME)";
				SWIFT_EMIT_LOC_STRINGS = NO;
				SWIFT_VERSION = 5.0;
				TARGETED_DEVICE_FAMILY = "1,2";
				TEST_HOST = "$(BUILT_PRODUCTS_DIR)/UI-640.app/$(BUNDLE_EXECUTABLE_FOLDER_PATH)/UI-640";
			};
			name = Debug;
		};
		47BEDAA528A5F92100168D21 /* Release */ = {
			isa = XCBuildConfiguration;
			buildSettings = {
				ALWAYS_EMBED_SWIFT_STANDARD_LIBRARIES = YES;
				BUNDLE_LOADER = "$(TEST_HOST)";
				CODE_SIGN_STYLE = Automatic;
				CURRENT_PROJECT_VERSION = 1;
				DEVELOPMENT_TEAM = 8CL4U468K5;
				GENERATE_INFOPLIST_FILE = YES;
				IPHONEOS_DEPLOYMENT_TARGET = 16.0;
				MARKETING_VERSION = 1.0;
				PRODUCT_BUNDLE_IDENTIFIER = "com.585.UI-640Tests";
				PRODUCT_NAME = "$(TARGET_NAME)";
				SWIFT_EMIT_LOC_STRINGS = NO;
				SWIFT_VERSION = 5.0;
				TARGETED_DEVICE_FAMILY = "1,2";
				TEST_HOST = "$(BUILT_PRODUCTS_DIR)/UI-640.app/$(BUNDLE_EXECUTABLE_FOLDER_PATH)/UI-640";
			};
			name = Release;
		};
		47BEDAA728A5F92100168D21 /* Debug */ = {
			isa = XCBuildConfiguration;
			buildSettings = {
				ALWAYS_EMBED_SWIFT_STANDARD_LIBRARIES = YES;
				CODE_SIGN_STYLE = Automatic;
				CURRENT_PROJECT_VERSION = 1;
				DEVELOPMENT_TEAM = 8CL4U468K5;
				GENERATE_INFOPLIST_FILE = YES;
				MARKETING_VERSION = 1.0;
				PRODUCT_BUNDLE_IDENTIFIER = "com.585.UI-640UITests";
				PRODUCT_NAME = "$(TARGET_NAME)";
				SWIFT_EMIT_LOC_STRINGS = NO;
				SWIFT_VERSION = 5.0;
				TARGETED_DEVICE_FAMILY = "1,2";
				TEST_TARGET_NAME = "UI-640";
			};
			name = Debug;
		};
		47BEDAA828A5F92100168D21 /* Release */ = {
			isa = XCBuildConfiguration;
			buildSettings = {
				ALWAYS_EMBED_SWIFT_STANDARD_LIBRARIES = YES;
				CODE_SIGN_STYLE = Automatic;
				CURRENT_PROJECT_VERSION = 1;
				DEVELOPMENT_TEAM = 8CL4U468K5;
				GENERATE_INFOPLIST_FILE = YES;
				MARKETING_VERSION = 1.0;
				PRODUCT_BUNDLE_IDENTIFIER = "com.585.UI-640UITests";
				PRODUCT_NAME = "$(TARGET_NAME)";
				SWIFT_EMIT_LOC_STRINGS = NO;
				SWIFT_VERSION = 5.0;
				TARGETED_DEVICE_FAMILY = "1,2";
				TEST_TARGET_NAME = "UI-640";
			};
			name = Release;
		};
/* End XCBuildConfiguration section */

/* Begin XCConfigurationList section */
		47BEDA7728A5F92000168D21 /* Build configuration list for PBXProject "UI-640" */ = {
			isa = XCConfigurationList;
			buildConfigurations = (
				47BEDA9E28A5F92100168D21 /* Debug */,
				47BEDA9F28A5F92100168D21 /* Release */,
			);
			defaultConfigurationIsVisible = 0;
			defaultConfigurationName = Release;
		};
		47BEDAA028A5F92100168D21 /* Build configuration list for PBXNativeTarget "UI-640" */ = {
			isa = XCConfigurationList;
			buildConfigurations = (
				47BEDAA128A5F92100168D21 /* Debug */,
				47BEDAA228A5F92100168D21 /* Release */,
			);
			defaultConfigurationIsVisible = 0;
			defaultConfigurationName = Release;
		};
		47BEDAA328A5F92100168D21 /* Build configuration list for PBXNativeTarget "UI-640Tests" */ = {
			isa = XCConfigurationList;
			buildConfigurations = (
				47BEDAA428A5F92100168D21 /* Debug */,
				47BEDAA528A5F92100168D21 /* Release */,
			);
			defaultConfigurationIsVisible = 0;
			defaultConfigurationName = Release;
		};
		47BEDAA628A5F92100168D21 /* Build configuration list for PBXNativeTarget "UI-640UITests" */ = {
			isa = XCConfigurationList;
			buildConfigurations = (
				47BEDAA728A5F92100168D21 /* Debug */,
				47BEDAA828A5F92100168D21 /* Release */,
			);
			defaultConfigurationIsVisible = 0;
			defaultConfigurationName = Release;
		};
/* End XCConfigurationList section */
	};
	rootObject = 47BEDA7428A5F92000168D21 /* Project object */;
}
